<?xml version="1.0" encoding="utf-8"?>
<Project ToolsVersion="4.0" xmlns="http://schemas.microsoft.com/developer/msbuild/2003">
  <ItemGroup>
    <Filter Include="source">
      <UniqueIdentifier>{fb39892b-6fe6-4e9a-b706-a24d81deaff3}</UniqueIdentifier>
    </Filter>
    <Filter Include="resource">
      <UniqueIdentifier>{1d19c7d2-4d81-4d1a-b795-27a57699f0db}</UniqueIdentifier>
    </Filter>
    <Filter Include="makefile_build">
      <UniqueIdentifier>{7d2145b4-3cec-4538-a71e-9273e998f364}</UniqueIdentifier>
    </Filter>
    <Filter Include="source\SubDir">
      <UniqueIdentifier>{a1c8ad89-883c-481f-a5b4-c650678e0226}</UniqueIdentifier>
    </Filter>
  </ItemGroup>
  <ItemGroup>
    <ClCompile Include="source\TestApplication.cpp">
      <Filter>source</Filter>
    </ClCompile>
    <ClCompile Include="source\TestLibrary1.cpp">
      <Filter>source</Filter>
    </ClCompile>
    <ClCompile Include="source\SubDir\TestLibrary3.cpp">
      <Filter>source\SubDir</Filter>
    </ClCompile>
    <ClCompile Include="source\TestApplicationSub.c">
      <Filter>source</Filter>
    </ClCompile>
    <ClCompile Include="source\TestLibrary2.c">
      <Filter>source</Filter>
    </ClCompile>
  </ItemGroup>
  <ItemGroup>
    <ClInclude Include="resource\resource.h">
      <Filter>resource</Filter>
    </ClInclude>
  </ItemGroup>
  <ItemGroup>
    <ResourceCompile Include="resource\Project1.rc">
      <Filter>resource</Filter>
    </ResourceCompile>
  </ItemGroup>
  <ItemGroup>
    <None Include="makefile_build\libintl3.dll">
      <Filter>makefile_build</Filter>
    </None>
    <None Include="makefile_build\make.exe">
      <Filter>makefile_build</Filter>
    </None>
    <None Include="makefile_build\Makefile">
      <Filter>makefile_build</Filter>
    </None>
    <None Include="makefile_build\Makefile.Debug.Application">
      <Filter>makefile_build</Filter>
    </None>
    <None Include="makefile_build\Makefile.Debug.StaticLibrary">
      <Filter>makefile_build</Filter>
    </None>
    <None Include="makefile_build\Makefile.Release.Application">
      <Filter>makefile_build</Filter>
    </None>
    <None Include="makefile_build\Makefile.Release.StaticLibrary">
      <Filter>makefile_build</Filter>
    </None>
    <None Include="makefile_build\Makefile.ShellCommand.bat">
      <Filter>makefile_build</Filter>
    </None>
    <None Include="makefile_build\gnumake.zip">
      <Filter>makefile_build</Filter>
    </None>
    <None Include="makefile_build\libiconv2.dll">
      <Filter>makefile_build</Filter>
    </None>
    <None Include="makefile_build\Project.Makefile.Debug.Application.Test">
      <Filter>makefile_build</Filter>
    </None>
    <None Include="makefile_build\Project.Makefile.Release.StaticLibrary.Test">
      <Filter>makefile_build</Filter>
    </None>
    <None Include="makefile_build\Project.Makefile.Release.Application.Test">
      <Filter>makefile_build</Filter>
    </None>
    <None Include="makefile_build\Project.Makefile.Debug.StaticLibrary.Test">
      <Filter>makefile_build</Filter>
    </None>
  </ItemGroup>
</Project>